
Microsoft Visual Studio Solution File, Format Version 12.00
# Visual Studio Version 17
VisualStudioVersion = 17.7.34202.233
MinimumVisualStudioVersion = 10.0.40219.1
Project("{FAE04EC0-301F-11D3-BF4B-00C04F79EFBC}") = "FizzBuzz2", "FizzBuzz2\FizzBuzz2.csproj", "{58BCD8D9-475D-48D6-9601-B5825C803B20}"
EndProject
Global
	GlobalSection(SolutionConfigurationPlatforms) = preSolution
		Debug|Any CPU = Debug|Any CPU
		Release|Any CPU = Release|Any CPU
	EndGlobalSection
	GlobalSection(ProjectConfigurationPlatforms) = postSolution
		{58BCD8D9-475D-48D6-9601-B5825C803B20}.Debug|Any CPU.ActiveCfg = Debug|Any CPU
		{58BCD8D9-475D-48D6-9601-B5825C803B20}.Debug|Any CPU.Build.0 = Debug|Any CPU
		{58BCD8D9-475D-48D6-9601-B5825C803B20}.Release|Any CPU.ActiveCfg = Release|Any CPU
		{58BCD8D9-475D-48D6-9601-B5825C803B20}.Release|Any CPU.Build.0 = Release|Any CPU
	EndGlobalSection
	GlobalSection(SolutionProperties) = preSolution
		HideSolutionNode = FALSE
	EndGlobalSection
	GlobalSection(ExtensibilityGlobals) = postSolution
		SolutionGuid = {0F3B590C-B5B5-47DE-A839-90248BF1D1D6}
	EndGlobalSection
EndGlobal
